
Microsoft Visual Studio Solution File, Format Version 12.00
# Visual Studio Version 16
VisualStudioVersion = 16.0.30804.86
MinimumVisualStudioVersion = 10.0.40219.1
Project("{FAE04EC0-301F-11D3-BF4B-00C04F79EFBC}") = "TurboCharger_Test", "deneme_1\TurboCharger_Test.csproj", "{9FF5A5FB-F22B-4F94-891F-732DC151AA7E}"
EndProject
Global
	GlobalSection(SolutionConfigurationPlatforms) = preSolution
		Debug|Any CPU = Debug|Any CPU
		Release|Any CPU = Release|Any CPU
	EndGlobalSection
	GlobalSection(ProjectConfigurationPlatforms) = postSolution
		{9FF5A5FB-F22B-4F94-891F-732DC151AA7E}.Debug|Any CPU.ActiveCfg = Debug|Any CPU
		{9FF5A5FB-F22B-4F94-891F-732DC151AA7E}.Debug|Any CPU.Build.0 = Debug|Any CPU
		{9FF5A5FB-F22B-4F94-891F-732DC151AA7E}.Release|Any CPU.ActiveCfg = Release|Any CPU
		{9FF5A5FB-F22B-4F94-891F-732DC151AA7E}.Release|Any CPU.Build.0 = Release|Any CPU
	EndGlobalSection
	GlobalSection(SolutionProperties) = preSolution
		HideSolutionNode = FALSE
	EndGlobalSection
	GlobalSection(ExtensibilityGlobals) = postSolution
		SolutionGuid = {68FC8692-BC9B-40D9-912C-E3485FF39D54}
	EndGlobalSection
EndGlobal
